{
  "name": "@weibaohui/context-razor",
  "version": "0.4.3",
  "lockfileVersion": 3,
  "requires": true,
  "packages": {
    "": {
      "name": "@weibaohui/context-razor",
      "version": "0.4.3",
      "license": "MIT",
      "dependencies": {
        "js-tiktoken": "^1.0.21"
      },
      "devDependencies": {
        "@deepseek-ai/dsh-compaction": "0.1.6-alpha.1",
        "@deepseek-ai/dsh-llm": "0.1.6-alpha.1",
        "@deepseek-ai/dsh-session": "0.1.6-alpha.1",
        "@deepseek-ai/dsh-token-meter": "0.1.6-alpha.1"
      },
      "engines": {
        "dsh": ">=0.1.2-rc.1",
        "node": ">=22.5"
      }
    },
    "node_modules/@deepseek-ai/cordis": {
      "version": "4.0.2",
      "resolved": "https://registry.npmjs.org/@deepseek-ai/cordis/-/cordis-4.0.2.tgz",
      "integrity": "sha512-asOnXP1TzFSFQlHb1iegDZp0z/8WD1c7YNrwJR/Tx2bzNuMXfcekE/I67Iv6SQXeLB4csxqCngzQKANP7gdw0g==",
      "dev": true,
      "license": "MIT",
      "peer": true,
      "dependencies": {
        "@deepseek-ai/cosmokit": "^1.8.3",
        "@standard-schema/spec": "^1.1.0"
      },
      "bin": {
        "cordis": "bin.js"
      },
      "peerDependencies": {
        "@deepseek-ai/cordis-plugin-include": "^1.0.7",
        "@deepseek-ai/cordis-plugin-loader": "^1.0.3"
      },
      "peerDependenciesMeta": {
        "@deepseek-ai/cordis-plugin-include": {
          "optional": true
        },
        "@deepseek-ai/cordis-plugin-loader": {
          "optional": true
        }
      }
    },
    "node_modules/@deepseek-ai/cosmokit": {
      "version": "1.8.3",
      "resolved": "https://registry.npmjs.org/@deepseek-ai/cosmokit/-/cosmokit-1.8.3.tgz",
      "integrity": "sha512-qBo+ronVM6Eu2WNVJXi8JcMiqZ19T9BRIpV+5qJUFPXjGH/Z0QKcQMC/IZJ7L394YTOtJgcovbk9qP0w2GsBXQ==",
      "dev": true,
      "license": "MIT"
    },
    "node_modules/@deepseek-ai/dsh-agent": {
      "version": "0.1.6-alpha.1",
      "resolved": "https://registry.npmjs.org/@deepseek-ai/dsh-agent/-/dsh-agent-0.1.6-alpha.1.tgz",
      "integrity": "sha512-QIUJCzc0gVpwajKeKzZfvcIUToD5D2F2OzxZAqxiERblW5UfbT0V/4UEuNWSnz98ViAy1unfat/JJDx/r8FTxg==",
      "dev": true,
      "license": "MIT",
      "peer": true,
      "peerDependencies": {
        "@deepseek-ai/cordis": "^4.0.2",
        "@deepseek-ai/dsh-invariants": "^0.1.6-alpha.1",
        "@deepseek-ai/dsh-llm": "^0.1.6-alpha.1",
        "@deepseek-ai/dsh-scope": "^0.1.6-alpha.1",
        "@deepseek-ai/dsh-session": "^0.1.6-alpha.1",
        "@deepseek-ai/dsh-session-projection": "^0.1.6-alpha.1",
        "@deepseek-ai/dsh-system-prompt": "^0.1.6-alpha.1",
        "@deepseek-ai/dsh-typert-protocol": "^0.1.6-alpha.1",
        "@deepseek-ai/dsh-util-values": "^0.1.6-alpha.1"
      }
    },
    "node_modules/@deepseek-ai/dsh-attachment": {
      "version": "0.1.6-alpha.1",
      "resolved": "https://registry.npmjs.org/@deepseek-ai/dsh-attachment/-/dsh-attachment-0.1.6-alpha.1.tgz",
      "integrity": "sha512-DUjH5jIe3K3Cnkcp1+BXtCVAt3hlrjDYt7CDkWq5NVpef8dGhKUOfejRwYIO9vsSdWkKavz43OZZMTLLPAQvQw==",
      "dev": true,
      "license": "MIT",
      "peer": true,
      "peerDependencies": {
        "@deepseek-ai/cordis": "^4.0.2",
        "@deepseek-ai/dsh-brand": "^0.1.6-alpha.1"
      }
    },
    "node_modules/@deepseek-ai/dsh-brand": {
      "version": "0.1.6-alpha.1",
      "resolved": "https://registry.npmjs.org/@deepseek-ai/dsh-brand/-/dsh-brand-0.1.6-alpha.1.tgz",
      "integrity": "sha512-bS2ud+5KsNukiZYPCbAoNz8FOP7NSaa8ibYf/dKPmG9lLPw/GaReD+APGJs1mmqT96AhlzbxDmrQx4hlNo8fZA==",
      "dev": true,
      "license": "MIT",
      "peerDependencies": {
        "@deepseek-ai/cordis": "^4.0.2"
      }
    },
    "node_modules/@deepseek-ai/dsh-commands": {
      "version": "0.1.6-alpha.1",
      "resolved": "https://registry.npmjs.org/@deepseek-ai/dsh-commands/-/dsh-commands-0.1.6-alpha.1.tgz",
      "integrity": "sha512-LpuYQlWgBkCltpliy3SMMj7SxAG46vGtno+PBnaUYp2IQlIAP2V2xiZwy1o1qI0daOtOwiR7LYDPW27xEpEHPg==",
      "dev": true,
      "license": "MIT",
      "peer": true,
      "dependencies": {
        "@deepseek-ai/dsh-util-crypto": "^0.1.6-alpha.1",
        "zod": "^4.4.3"
      },
      "peerDependencies": {
        "@deepseek-ai/cordis": "^4.0.2",
        "@deepseek-ai/dsh-agent": "^0.1.6-alpha.1",
        "@deepseek-ai/dsh-attachment": "^0.1.6-alpha.1",
        "@deepseek-ai/dsh-brand": "^0.1.6-alpha.1",
        "@deepseek-ai/dsh-invariants": "^0.1.6-alpha.1",
        "@deepseek-ai/dsh-llm": "^0.1.6-alpha.1",
        "@deepseek-ai/dsh-scope": "^0.1.6-alpha.1",
        "@deepseek-ai/dsh-session": "^0.1.6-alpha.1",
        "@deepseek-ai/dsh-typert-protocol": "^0.1.6-alpha.1"
      }
    },
    "node_modules/@deepseek-ai/dsh-compaction": {
      "version": "0.1.6-alpha.1",
      "resolved": "https://registry.npmjs.org/@deepseek-ai/dsh-compaction/-/dsh-compaction-0.1.6-alpha.1.tgz",
      "integrity": "sha512-Pt2Q6UVRbxxh2Vhvkd7X3t8QOiObIeqlo7f8GK5YFIO6UVQzzTZWazm603QM1kiHcNqyo8AG/bIVUF96dna//g==",
      "dev": true,
      "license": "MIT",
      "peerDependencies": {
        "@deepseek-ai/cordis": "^4.0.2",
        "@deepseek-ai/dsh-brand": "^0.1.6-alpha.1",
        "@deepseek-ai/dsh-commands": "^0.1.6-alpha.1",
        "@deepseek-ai/dsh-invariants": "^0.1.6-alpha.1",
        "@deepseek-ai/dsh-llm": "^0.1.6-alpha.1",
        "@deepseek-ai/dsh-session": "^0.1.6-alpha.1"
      }
    },
    "node_modules/@deepseek-ai/dsh-compaction-image-offload": {
      "version": "0.1.6-alpha.1",
      "resolved": "https://registry.npmjs.org/@deepseek-ai/dsh-compaction-image-offload/-/dsh-compaction-image-offload-0.1.6-alpha.1.tgz",
      "integrity": "sha512-hAKM7BPojUdmj75zoU/2ZCWRy0fV4wdsOcG9TcgtEyAsXqENmQ4ASh8TNxCWEsi2n4hHJ/rb6tm8t3IXvvDzzA==",
      "dev": true,
      "license": "MIT",
      "peer": true,
      "dependencies": {
        "@deepseek-ai/dsh-util-values": "^0.1.6-alpha.1"
      },
      "peerDependencies": {
        "@deepseek-ai/cordis": "^4.0.2",
        "@deepseek-ai/dsh-agent": "^0.1.6-alpha.1",
        "@deepseek-ai/dsh-compaction": "^0.1.6-alpha.1",
        "@deepseek-ai/dsh-llm": "^0.1.6-alpha.1",
        "@deepseek-ai/dsh-session": "^0.1.6-alpha.1"
      }
    },
    "node_modules/@deepseek-ai/dsh-invariants": {
      "version": "0.1.6-alpha.1",
      "resolved": "https://registry.npmjs.org/@deepseek-ai/dsh-invariants/-/dsh-invariants-0.1.6-alpha.1.tgz",
      "integrity": "sha512-kCQIyhVBIk2mfSMnBkT+vxU//gdxTAiYZ3ffXcgpdXDn7CeAzUcyk49LeLsllQZJB7cZWMIF/CLhCsU6hzSykQ==",
      "dev": true,
      "license": "MIT",
      "peer": true,
      "dependencies": {
        "@deepseek-ai/schemastery": "^3.18.2"
      },
      "peerDependencies": {
        "@deepseek-ai/cordis": "^4.0.2"
      }
    },
    "node_modules/@deepseek-ai/dsh-llm": {
      "version": "0.1.6-alpha.1",
      "resolved": "https://registry.npmjs.org/@deepseek-ai/dsh-llm/-/dsh-llm-0.1.6-alpha.1.tgz",
      "integrity": "sha512-J6CR7lfZEDrYnmWbuN8m3Vso7pQYhBGeecT+uvF4jEsCbVeEXLNbqjOBFudlPR2BXZQI7DqG6uJ6I1doJpLIew==",
      "dev": true,
      "license": "MIT",
      "dependencies": {
        "@deepseek-ai/dsh-brand": "^0.1.6-alpha.1",
        "@deepseek-ai/dsh-timeout": "^0.1.6-alpha.1",
        "@deepseek-ai/dsh-typert-protocol": "^0.1.6-alpha.1",
        "@deepseek-ai/dsh-util-crypto": "^0.1.6-alpha.1",
        "@deepseek-ai/dsh-util-values": "^0.1.6-alpha.1",
        "@deepseek-ai/schemastery": "^3.18.2",
        "zod": "^4.4.3"
      },
      "peerDependencies": {
        "@deepseek-ai/cordis": "^4.0.2"
      }
    },
    "node_modules/@deepseek-ai/dsh-llm-retry": {
      "version": "0.1.6-alpha.1",
      "resolved": "https://registry.npmjs.org/@deepseek-ai/dsh-llm-retry/-/dsh-llm-retry-0.1.6-alpha.1.tgz",
      "integrity": "sha512-nJfjVJLCRe3EYjlT4/rjacsS75eDvSTuiJEbxXZCpUK5bY12m2mn70Ur5jt+FAlgf6u9ghxc7JlQ1mHVR4pVJg==",
      "dev": true,
      "license": "MIT",
      "peer": true,
      "dependencies": {
        "@deepseek-ai/schemastery": "^3.18.2",
        "zod": "^4.4.3"
      },
      "peerDependencies": {
        "@deepseek-ai/cordis": "^4.0.2",
        "@deepseek-ai/dsh-agent": "^0.1.6-alpha.1",
        "@deepseek-ai/dsh-brand": "^0.1.6-alpha.1",
        "@deepseek-ai/dsh-invariants": "^0.1.6-alpha.1",
        "@deepseek-ai/dsh-llm": "^0.1.6-alpha.1",
        "@deepseek-ai/dsh-session": "^0.1.6-alpha.1",
        "@deepseek-ai/dsh-session-projection": "^0.1.6-alpha.1",
        "@deepseek-ai/dsh-timeout": "^0.1.6-alpha.1"
      }
    },
    "node_modules/@deepseek-ai/dsh-scope": {
      "version": "0.1.6-alpha.1",
      "resolved": "https://registry.npmjs.org/@deepseek-ai/dsh-scope/-/dsh-scope-0.1.6-alpha.1.tgz",
      "integrity": "sha512-InFGdrRr/o5Shn+8oOJz5/5njJh1h7YmZufXmSn0z+sjc/y684WHhvHqmES8Y2xieJ96e9VL8wNeiIQpaKce5A==",
      "dev": true,
      "license": "MIT",
      "peer": true,
      "peerDependencies": {
        "@deepseek-ai/cordis": "^4.0.2",
        "@deepseek-ai/dsh-invariants": "^0.1.6-alpha.1"
      }
    },
    "node_modules/@deepseek-ai/dsh-session": {
      "version": "0.1.6-alpha.1",
      "resolved": "https://registry.npmjs.org/@deepseek-ai/dsh-session/-/dsh-session-0.1.6-alpha.1.tgz",
      "integrity": "sha512-IUdpUwIZaQIXNrgaYr0JAwAhUuhmjzzIgrg8Q8bSQM6fO+nYHIERF/MQZHnnon7wkibtyak+Nj8RKF82boQWIA==",
      "dev": true,
      "license": "MIT",
      "dependencies": {
        "@deepseek-ai/dsh-brand": "^0.1.6-alpha.1",
        "@deepseek-ai/dsh-llm": "^0.1.6-alpha.1",
        "@deepseek-ai/dsh-util-values": "^0.1.6-alpha.1"
      },
      "peerDependencies": {
        "@deepseek-ai/cordis": "^4.0.2",
        "@deepseek-ai/dsh-scope": "^0.1.6-alpha.1"
      }
    },
    "node_modules/@deepseek-ai/dsh-session-projection": {
      "version": "0.1.6-alpha.1",
      "resolved": "https://registry.npmjs.org/@deepseek-ai/dsh-session-projection/-/dsh-session-projection-0.1.6-alpha.1.tgz",
      "integrity": "sha512-rvN5s2TTE/sRqePUoqUkWxhEpggNlbEm3xSBt+Hpxdn683kcYlKmyrVb4oKfc+Zk+7RSC6HmbiNrAlJLJxdJ4w==",
      "dev": true,
      "license": "MIT",
      "peer": true,
      "dependencies": {
        "zod": "^4.4.3"
      },
      "peerDependencies": {
        "@deepseek-ai/cordis": "^4.0.2",
        "@deepseek-ai/dsh-session": "^0.1.6-alpha.1"
      }
    },
    "node_modules/@deepseek-ai/dsh-system-prompt": {
      "version": "0.1.6-alpha.1",
      "resolved": "https://registry.npmjs.org/@deepseek-ai/dsh-system-prompt/-/dsh-system-prompt-0.1.6-alpha.1.tgz",
      "integrity": "sha512-Lc+udg/vuacydI9CnOC9syc762nkIm/SarqdcJf4YAXT257u4BMYD05JNS+B06VhXT3vfwOTaXyyt0TJ9Qi7zA==",
      "dev": true,
      "license": "MIT",
      "peer": true,
      "dependencies": {
        "@deepseek-ai/schemastery": "^3.18.2"
      },
      "peerDependencies": {
        "@deepseek-ai/cordis": "^4.0.2",
        "@deepseek-ai/dsh-invariants": "^0.1.6-alpha.1",
        "@deepseek-ai/dsh-llm": "^0.1.6-alpha.1",
        "@deepseek-ai/dsh-scope": "^0.1.6-alpha.1"
      }
    },
    "node_modules/@deepseek-ai/dsh-timeout": {
      "version": "0.1.6-alpha.1",
      "resolved": "https://registry.npmjs.org/@deepseek-ai/dsh-timeout/-/dsh-timeout-0.1.6-alpha.1.tgz",
      "integrity": "sha512-RuDwOyXm68OsIqj/DVx1zXQLIArrubrkYRbpOxbBmNQQ5WCEVxGDvAXQPUd2ULw4RJo0tIBx0nqQ85kkKRrQew==",
      "dev": true,
      "license": "MIT",
      "peerDependencies": {
        "@deepseek-ai/cordis": "^4.0.2"
      }
    },
    "node_modules/@deepseek-ai/dsh-token-meter": {
      "version": "0.1.6-alpha.1",
      "resolved": "https://registry.npmjs.org/@deepseek-ai/dsh-token-meter/-/dsh-token-meter-0.1.6-alpha.1.tgz",
      "integrity": "sha512-CyGHL+ngXsTsGaZTbYesfaonFAPA/ADUYoV2kEbFGTuAHw0i4DVjYvMETofrfWL84MI0MQ9pNPiGQfbCHYqVMw==",
      "dev": true,
      "license": "MIT",
      "dependencies": {
        "@deepseek-ai/dsh-util-values": "^0.1.6-alpha.1",
        "@deepseek-ai/schemastery": "^3.18.2",
        "zod": "^4.4.3"
      },
      "peerDependencies": {
        "@deepseek-ai/cordis": "^4.0.2",
        "@deepseek-ai/dsh-compaction": "^0.1.6-alpha.1",
        "@deepseek-ai/dsh-compaction-image-offload": "^0.1.6-alpha.1",
        "@deepseek-ai/dsh-llm": "^0.1.6-alpha.1",
        "@deepseek-ai/dsh-llm-retry": "^0.1.6-alpha.1",
        "@deepseek-ai/dsh-session": "^0.1.6-alpha.1",
        "@deepseek-ai/dsh-session-projection": "^0.1.6-alpha.1"
      }
    },
    "node_modules/@deepseek-ai/dsh-typert-protocol": {
      "version": "0.1.6-alpha.1",
      "resolved": "https://registry.npmjs.org/@deepseek-ai/dsh-typert-protocol/-/dsh-typert-protocol-0.1.6-alpha.1.tgz",
      "integrity": "sha512-szYjrNvmlLMcR+3dDTAP+2sTqVy0MvRWkJeA1Y5CzT//HiimNDB7+q6WZX1jZ3m2ZyIfHQqfsnUVZ+PXIYHCyw==",
      "dev": true,
      "license": "MIT",
      "peerDependencies": {
        "@deepseek-ai/cordis": "^4.0.2"
      }
    },
    "node_modules/@deepseek-ai/dsh-util-crypto": {
      "version": "0.1.6-alpha.1",
      "resolved": "https://registry.npmjs.org/@deepseek-ai/dsh-util-crypto/-/dsh-util-crypto-0.1.6-alpha.1.tgz",
      "integrity": "sha512-sNr5pLIajPOT9cOn61QfEsWYCBme47DFRajL3OTiOxrd7L4Ch+HgPUunUolofFNjq37gXave6/2+dcsv3L3BnA==",
      "dev": true,
      "license": "MIT",
      "peerDependencies": {
        "@deepseek-ai/cordis": "^4.0.2"
      }
    },
    "node_modules/@deepseek-ai/dsh-util-values": {
      "version": "0.1.6-alpha.1",
      "resolved": "https://registry.npmjs.org/@deepseek-ai/dsh-util-values/-/dsh-util-values-0.1.6-alpha.1.tgz",
      "integrity": "sha512-YtF7+XmWKY7E48ozmPEXTJT+Wn8HN4MPytY+MRoySsPRAJJp09/68oo/dKcOND+ZEWUZiJN8KJUrBcTB3VSm2Q==",
      "dev": true,
      "license": "MIT",
      "peerDependencies": {
        "@deepseek-ai/cordis": "^4.0.2"
      }
    },
    "node_modules/@deepseek-ai/schemastery": {
      "version": "3.18.2",
      "resolved": "https://registry.npmjs.org/@deepseek-ai/schemastery/-/schemastery-3.18.2.tgz",
      "integrity": "sha512-njDtZsznjYxok7KLLlHOPyuv2efdWVbSflAHgztSfbMsg+CVraEoRe2DjOCgClYv3ZCSm7WXoaUkbB/+RY7tWQ==",
      "dev": true,
      "license": "MIT",
      "dependencies": {
        "@deepseek-ai/cosmokit": "^1.8.3",
        "@standard-schema/spec": "^1.1.0"
      }
    },
    "node_modules/@standard-schema/spec": {
      "version": "1.1.0",
      "resolved": "https://registry.npmjs.org/@standard-schema/spec/-/spec-1.1.0.tgz",
      "integrity": "sha512-l2aFy5jALhniG5HgqrD6jXLi/rUWrKvqN/qJx6yoJsgKhblVd+iqqU4RCXavm/jPityDo5TCvKMnpjKnOriy0w==",
      "dev": true,
      "license": "MIT"
    },
    "node_modules/base64-js": {
      "version": "1.5.1",
      "resolved": "https://registry.npmjs.org/base64-js/-/base64-js-1.5.1.tgz",
      "integrity": "sha512-AKpaYlHn8t4SVbOHCy+b5+KKgvR4vrsD8vbvrbiQJps7fKDTkjkDry6ji0rUJjC0kzbNePLwzxq8iypo41qeWA==",
      "funding": [
        {
          "type": "github",
          "url": "https://github.com/sponsors/feross"
        },
        {
          "type": "patreon",
          "url": "https://www.patreon.com/feross"
        },
        {
          "type": "consulting",
          "url": "https://feross.org/support"
        }
      ],
      "license": "MIT"
    },
    "node_modules/js-tiktoken": {
      "version": "1.0.21",
      "resolved": "https://registry.npmjs.org/js-tiktoken/-/js-tiktoken-1.0.21.tgz",
      "integrity": "sha512-biOj/6M5qdgx5TKjDnFT1ymSpM5tbd3ylwDtrQvFQSu0Z7bBYko2dF+W/aUkXUPuk6IVpRxk/3Q2sHOzGlS36g==",
      "license": "MIT",
      "dependencies": {
        "base64-js": "^1.5.1"
      }
    },
    "node_modules/zod": {
      "version": "4.6.5",
      "resolved": "https://registry.npmjs.org/zod/-/zod-4.6.5.tgz",
      "integrity": "sha512-v5l/aFXZQeai4awLbOpSoHecE9UiMrnfx75tEXLjNonXVARxQ5mOeipTjROUchszUNCqnE+hqAMujRsRHsut2Q==",
      "dev": true,
      "license": "MIT",
      "funding": {
        "url": "https://github.com/sponsors/colinhacks"
      }
    }
  }
}
